// !$*UTF8*$!
{
	archiveVersion = 1;
	classes = {
	};
	objectVersion = 56;
	objects = {

/* Begin PBXBuildFile section */
		PC0000000000000000000001 /* MainlineApp.swift in Sources */ = {isa = PBXBuildFile; fileRef = PF0000000000000000000001 /* MainlineApp.swift */; };
		PC0000000000000000000002 /* PRSnapshot.swift in Sources */ = {isa = PBXBuildFile; fileRef = PF0000000000000000000002 /* PRSnapshot.swift */; };
		PC0000000000000000000003 /* PRTransition.swift in Sources */ = {isa = PBXBuildFile; fileRef = PF0000000000000000000003 /* PRTransition.swift */; };
		PC0000000000000000000004 /* MainlineSettings.swift in Sources */ = {isa = PBXBuildFile; fileRef = PF0000000000000000000004 /* MainlineSettings.swift */; };
		PC0000000000000000000005 /* KeychainHelper.swift in Sources */ = {isa = PBXBuildFile; fileRef = PF0000000000000000000005 /* KeychainHelper.swift */; };
		PC0000000000000000000006 /* GitHubClient.swift in Sources */ = {isa = PBXBuildFile; fileRef = PF0000000000000000000006 /* GitHubClient.swift */; };
		PC0000000000000000000007 /* PRStateStore.swift in Sources */ = {isa = PBXBuildFile; fileRef = PF0000000000000000000007 /* PRStateStore.swift */; };
		PC0000000000000000000008 /* PRDiffEngine.swift in Sources */ = {isa = PBXBuildFile; fileRef = PF0000000000000000000008 /* PRDiffEngine.swift */; };
		PC0000000000000000000009 /* PRPoller.swift in Sources */ = {isa = PBXBuildFile; fileRef = PF0000000000000000000009 /* PRPoller.swift */; };
		PC000000000000000000000A /* NotificationService.swift in Sources */ = {isa = PBXBuildFile; fileRef = PF000000000000000000000A /* NotificationService.swift */; };
		PC000000000000000000000B /* PRManager.swift in Sources */ = {isa = PBXBuildFile; fileRef = PF000000000000000000000B /* PRManager.swift */; };
		PC000000000000000000000C /* MenuBarView.swift in Sources */ = {isa = PBXBuildFile; fileRef = PF000000000000000000000C /* MenuBarView.swift */; };
		PC000000000000000000000D /* SettingsView.swift in Sources */ = {isa = PBXBuildFile; fileRef = PF000000000000000000000D /* SettingsView.swift */; };
		PC000000000000000000000E /* Assets.xcassets in Resources */ = {isa = PBXBuildFile; fileRef = PF000000000000000000000E /* Assets.xcassets */; };
		PC0000000000000000000010 /* SensitivePathMatcher.swift in Sources */ = {isa = PBXBuildFile; fileRef = PF0000000000000000000013 /* SensitivePathMatcher.swift */; };
		PC0000000000000000000011 /* TriageClassifier.swift in Sources */ = {isa = PBXBuildFile; fileRef = PF0000000000000000000014 /* TriageClassifier.swift */; };
		PC0000000000000000000013 /* SnoozeStore.swift in Sources */ = {isa = PBXBuildFile; fileRef = PF0000000000000000000016 /* SnoozeStore.swift */; };
		PC0000000000000000000014 /* MenuBarIconView.swift in Sources */ = {isa = PBXBuildFile; fileRef = PF0000000000000000000017 /* MenuBarIconView.swift */; };
		PC0000000000000000000016 /* TriageDeckView.swift in Sources */ = {isa = PBXBuildFile; fileRef = PF0000000000000000000019 /* TriageDeckView.swift */; };
		PC0000000000000000000017 /* PRPeekView.swift in Sources */ = {isa = PBXBuildFile; fileRef = PF000000000000000000001A /* PRPeekView.swift */; };
		PC0000000000000000000019 /* UndoToastView.swift in Sources */ = {isa = PBXBuildFile; fileRef = PF000000000000000000001C /* UndoToastView.swift */; };
		PC000000000000000000001B /* AttentionPolicy.swift in Sources */ = {isa = PBXBuildFile; fileRef = PF000000000000000000001E /* AttentionPolicy.swift */; };
		PC000000000000000000001C /* ScopeStore.swift in Sources */ = {isa = PBXBuildFile; fileRef = PF000000000000000000001F /* ScopeStore.swift */; };
		PC000000000000000000001D /* KeyboardShortcutsView.swift in Sources */ = {isa = PBXBuildFile; fileRef = PF0000000000000000000020 /* KeyboardShortcutsView.swift */; };
		PC0000000000000000000099 /* GlobalHotKey.swift in Sources */ = {isa = PBXBuildFile; fileRef = PF0000000000000000000099 /* GlobalHotKey.swift */; };
		/* OTel framework linkage */
		OT00000000000000000000C1 /* OpenTelemetryApi in Frameworks */ = {isa = PBXBuildFile; productRef = OT00000000000000000000D1 /* OpenTelemetryApi */; };
		OT00000000000000000000C2 /* OpenTelemetrySdk in Frameworks */ = {isa = PBXBuildFile; productRef = OT00000000000000000000D2 /* OpenTelemetrySdk */; };
		OT00000000000000000000C3 /* OpenTelemetryProtocolExporterHTTP in Frameworks */ = {isa = PBXBuildFile; productRef = OT00000000000000000000D3 /* OpenTelemetryProtocolExporterHTTP */; };
		/* OTel source compilation */
		OT00000000000000000000B1 /* TelemetryService.swift in Sources */ = {isa = PBXBuildFile; fileRef = OT00000000000000000000A1 /* TelemetryService.swift */; };
		OT00000000000000000000B2 /* TelemetryOptInBanner.swift in Sources */ = {isa = PBXBuildFile; fileRef = OT00000000000000000000A2 /* TelemetryOptInBanner.swift */; };
		OT00000000000000000000B3 /* TelemetryDetailsSheet.swift in Sources */ = {isa = PBXBuildFile; fileRef = OT00000000000000000000A3 /* TelemetryDetailsSheet.swift */; };
		/* Inbox noise-filter source compilation */
		IB000000000000000000000B1 /* InboxMuteEngine.swift in Sources */ = {isa = PBXBuildFile; fileRef = IB000000000000000000000A1 /* InboxMuteEngine.swift */; };
		IB000000000000000000000B2 /* InboxSettingsView.swift in Sources */ = {isa = PBXBuildFile; fileRef = IB000000000000000000000A2 /* InboxSettingsView.swift */; };
		HP000000000000000000000B1 /* HelpSettingsView.swift in Sources */ = {isa = PBXBuildFile; fileRef = HP000000000000000000000A1 /* HelpSettingsView.swift */; };
		LG000000000000000000000B1 /* LaunchAtLoginService.swift in Sources */ = {isa = PBXBuildFile; fileRef = LG000000000000000000000A1 /* LaunchAtLoginService.swift */; };
/* End PBXBuildFile section */

/* Begin PBXFileReference section */
		PF0000000000000000000001 /* MainlineApp.swift */ = {isa = PBXFileReference; lastKnownFileType = sourcecode.swift; path = MainlineApp.swift; sourceTree = "<group>"; };
		PF0000000000000000000002 /* PRSnapshot.swift */ = {isa = PBXFileReference; lastKnownFileType = sourcecode.swift; path = PRSnapshot.swift; sourceTree = "<group>"; };
		PF0000000000000000000003 /* PRTransition.swift */ = {isa = PBXFileReference; lastKnownFileType = sourcecode.swift; path = PRTransition.swift; sourceTree = "<group>"; };
		PF0000000000000000000004 /* MainlineSettings.swift */ = {isa = PBXFileReference; lastKnownFileType = sourcecode.swift; path = MainlineSettings.swift; sourceTree = "<group>"; };
		PF0000000000000000000005 /* KeychainHelper.swift */ = {isa = PBXFileReference; lastKnownFileType = sourcecode.swift; path = KeychainHelper.swift; sourceTree = "<group>"; };
		PF0000000000000000000006 /* GitHubClient.swift */ = {isa = PBXFileReference; lastKnownFileType = sourcecode.swift; path = GitHubClient.swift; sourceTree = "<group>"; };
		PF0000000000000000000007 /* PRStateStore.swift */ = {isa = PBXFileReference; lastKnownFileType = sourcecode.swift; path = PRStateStore.swift; sourceTree = "<group>"; };
		PF0000000000000000000008 /* PRDiffEngine.swift */ = {isa = PBXFileReference; lastKnownFileType = sourcecode.swift; path = PRDiffEngine.swift; sourceTree = "<group>"; };
		PF0000000000000000000009 /* PRPoller.swift */ = {isa = PBXFileReference; lastKnownFileType = sourcecode.swift; path = PRPoller.swift; sourceTree = "<group>"; };
		PF000000000000000000000A /* NotificationService.swift */ = {isa = PBXFileReference; lastKnownFileType = sourcecode.swift; path = NotificationService.swift; sourceTree = "<group>"; };
		PF000000000000000000000B /* PRManager.swift */ = {isa = PBXFileReference; lastKnownFileType = sourcecode.swift; path = PRManager.swift; sourceTree = "<group>"; };
		PF000000000000000000000C /* MenuBarView.swift */ = {isa = PBXFileReference; lastKnownFileType = sourcecode.swift; path = MenuBarView.swift; sourceTree = "<group>"; };
		PF000000000000000000000D /* SettingsView.swift */ = {isa = PBXFileReference; lastKnownFileType = sourcecode.swift; path = SettingsView.swift; sourceTree = "<group>"; };
		PF000000000000000000000E /* Assets.xcassets */ = {isa = PBXFileReference; lastKnownFileType = folder.assetcatalog; path = Assets.xcassets; sourceTree = "<group>"; };
		PF000000000000000000000F /* Info.plist */ = {isa = PBXFileReference; lastKnownFileType = text.plist.xml; path = Info.plist; sourceTree = "<group>"; };
		PF0000000000000000000010 /* Mainline.entitlements */ = {isa = PBXFileReference; lastKnownFileType = text.plist.entitlements; path = Mainline.entitlements; sourceTree = "<group>"; };
		PF0000000000000000000011 /* Mainline.app */ = {isa = PBXFileReference; explicitFileType = wrapper.application; includeInIndex = 0; path = Mainline.app; sourceTree = BUILT_PRODUCTS_DIR; };
		PF0000000000000000000013 /* SensitivePathMatcher.swift */ = {isa = PBXFileReference; lastKnownFileType = sourcecode.swift; path = SensitivePathMatcher.swift; sourceTree = "<group>"; };
		PF0000000000000000000014 /* TriageClassifier.swift */ = {isa = PBXFileReference; lastKnownFileType = sourcecode.swift; path = TriageClassifier.swift; sourceTree = "<group>"; };
		PF0000000000000000000016 /* SnoozeStore.swift */ = {isa = PBXFileReference; lastKnownFileType = sourcecode.swift; path = SnoozeStore.swift; sourceTree = "<group>"; };
		PF0000000000000000000017 /* MenuBarIconView.swift */ = {isa = PBXFileReference; lastKnownFileType = sourcecode.swift; path = MenuBarIconView.swift; sourceTree = "<group>"; };
		PF0000000000000000000019 /* TriageDeckView.swift */ = {isa = PBXFileReference; lastKnownFileType = sourcecode.swift; path = TriageDeckView.swift; sourceTree = "<group>"; };
		PF000000000000000000001A /* PRPeekView.swift */ = {isa = PBXFileReference; lastKnownFileType = sourcecode.swift; path = PRPeekView.swift; sourceTree = "<group>"; };
		PF000000000000000000001C /* UndoToastView.swift */ = {isa = PBXFileReference; lastKnownFileType = sourcecode.swift; path = UndoToastView.swift; sourceTree = "<group>"; };
		PF000000000000000000001E /* AttentionPolicy.swift */ = {isa = PBXFileReference; lastKnownFileType = sourcecode.swift; path = AttentionPolicy.swift; sourceTree = "<group>"; };
		PF000000000000000000001F /* ScopeStore.swift */ = {isa = PBXFileReference; lastKnownFileType = sourcecode.swift; path = ScopeStore.swift; sourceTree = "<group>"; };
		PF0000000000000000000020 /* KeyboardShortcutsView.swift */ = {isa = PBXFileReference; lastKnownFileType = sourcecode.swift; path = KeyboardShortcutsView.swift; sourceTree = "<group>"; };
		PF0000000000000000000099 /* GlobalHotKey.swift */ = {isa = PBXFileReference; lastKnownFileType = sourcecode.swift; path = GlobalHotKey.swift; sourceTree = "<group>"; };
		/* OTel source file references */
		OT00000000000000000000A1 /* TelemetryService.swift */ = {isa = PBXFileReference; lastKnownFileType = sourcecode.swift; path = TelemetryService.swift; sourceTree = "<group>"; };
		OT00000000000000000000A2 /* TelemetryOptInBanner.swift */ = {isa = PBXFileReference; lastKnownFileType = sourcecode.swift; path = TelemetryOptInBanner.swift; sourceTree = "<group>"; };
		OT00000000000000000000A3 /* TelemetryDetailsSheet.swift */ = {isa = PBXFileReference; lastKnownFileType = sourcecode.swift; path = TelemetryDetailsSheet.swift; sourceTree = "<group>"; };
		/* Inbox noise-filter source file references */
		IB000000000000000000000A1 /* InboxMuteEngine.swift */ = {isa = PBXFileReference; lastKnownFileType = sourcecode.swift; path = InboxMuteEngine.swift; sourceTree = "<group>"; };
		IB000000000000000000000A2 /* InboxSettingsView.swift */ = {isa = PBXFileReference; lastKnownFileType = sourcecode.swift; path = InboxSettingsView.swift; sourceTree = "<group>"; };
		HP000000000000000000000A1 /* HelpSettingsView.swift */ = {isa = PBXFileReference; lastKnownFileType = sourcecode.swift; path = HelpSettingsView.swift; sourceTree = "<group>"; };
		LG000000000000000000000A1 /* LaunchAtLoginService.swift */ = {isa = PBXFileReference; lastKnownFileType = sourcecode.swift; path = LaunchAtLoginService.swift; sourceTree = "<group>"; };
/* End PBXFileReference section */

/* Begin PBXFrameworksBuildPhase section */
		PB0000000000000000000001 /* Frameworks */ = {
			isa = PBXFrameworksBuildPhase;
			buildActionMask = 2147483647;
			files = (
				OT00000000000000000000C1 /* OpenTelemetryApi in Frameworks */,
				OT00000000000000000000C2 /* OpenTelemetrySdk in Frameworks */,
				OT00000000000000000000C3 /* OpenTelemetryProtocolExporterHTTP in Frameworks */,
			);
			runOnlyForDeploymentPostprocessing = 0;
		};
/* End PBXFrameworksBuildPhase section */

/* Begin PBXGroup section */
		PG0000000000000000000001 = {
			isa = PBXGroup;
			children = (
				PG0000000000000000000002 /* Mainline */,
				PG0000000000000000000007 /* Products */,
			);
			sourceTree = "<group>";
		};
		PG0000000000000000000002 /* Mainline */ = {
			isa = PBXGroup;
			children = (
				PF0000000000000000000001 /* MainlineApp.swift */,
				PF000000000000000000000F /* Info.plist */,
				PF0000000000000000000010 /* Mainline.entitlements */,
				PF000000000000000000000E /* Assets.xcassets */,
				PG0000000000000000000003 /* Models */,
				PG0000000000000000000004 /* Services */,
				PG0000000000000000000005 /* Views */,
			);
			path = Mainline/Mainline;
			sourceTree = "<group>";
		};
		PG0000000000000000000003 /* Models */ = {
			isa = PBXGroup;
			children = (
				PF0000000000000000000002 /* PRSnapshot.swift */,
				PF0000000000000000000003 /* PRTransition.swift */,
				PF0000000000000000000004 /* MainlineSettings.swift */,
				PF000000000000000000001E /* AttentionPolicy.swift */,
			);
			path = Models;
			sourceTree = "<group>";
		};
		PG0000000000000000000004 /* Services */ = {
			isa = PBXGroup;
			children = (
				PF0000000000000000000005 /* KeychainHelper.swift */,
				PF0000000000000000000006 /* GitHubClient.swift */,
				PF0000000000000000000007 /* PRStateStore.swift */,
				PF0000000000000000000008 /* PRDiffEngine.swift */,
				PF0000000000000000000009 /* PRPoller.swift */,
				PF000000000000000000000A /* NotificationService.swift */,
				PF000000000000000000000B /* PRManager.swift */,
				PF0000000000000000000013 /* SensitivePathMatcher.swift */,
				PF0000000000000000000014 /* TriageClassifier.swift */,
				PF0000000000000000000016 /* SnoozeStore.swift */,
				PF000000000000000000001F /* ScopeStore.swift */,
				PF0000000000000000000099 /* GlobalHotKey.swift */,
				OT00000000000000000000A1 /* TelemetryService.swift */,
				IB000000000000000000000A1 /* InboxMuteEngine.swift */,
				LG000000000000000000000A1 /* LaunchAtLoginService.swift */,
			);
			path = Services;
			sourceTree = "<group>";
		};
		PG0000000000000000000005 /* Views */ = {
			isa = PBXGroup;
			children = (
				PF000000000000000000000C /* MenuBarView.swift */,
				PF000000000000000000000D /* SettingsView.swift */,
				PF0000000000000000000017 /* MenuBarIconView.swift */,
				PF0000000000000000000019 /* TriageDeckView.swift */,
				PF000000000000000000001A /* PRPeekView.swift */,
				PF000000000000000000001C /* UndoToastView.swift */,
				PF0000000000000000000020 /* KeyboardShortcutsView.swift */,
				OT00000000000000000000A2 /* TelemetryOptInBanner.swift */,
				OT00000000000000000000A3 /* TelemetryDetailsSheet.swift */,
				IB000000000000000000000A2 /* InboxSettingsView.swift */,
				HP000000000000000000000A1 /* HelpSettingsView.swift */,
			);
			path = Views;
			sourceTree = "<group>";
		};
		PG0000000000000000000007 /* Products */ = {
			isa = PBXGroup;
			children = (
				PF0000000000000000000011 /* Mainline.app */,
			);
			name = Products;
			sourceTree = "<group>";
		};
/* End PBXGroup section */

/* Begin PBXNativeTarget section */
		PT0000000000000000000001 /* Mainline */ = {
			isa = PBXNativeTarget;
			buildConfigurationList = PL0000000000000000000001 /* Build configuration list for PBXNativeTarget "Mainline" */;
			buildPhases = (
				PS0000000000000000000001 /* Sources */,
				PB0000000000000000000001 /* Frameworks */,
				PR0000000000000000000001 /* Resources */,
				OT00000000000000000000S1 /* Embed Git Commit SHA */,
			);
			buildRules = (
			);
			dependencies = (
			);
			name = Mainline;
			packageProductDependencies = (
				OT00000000000000000000D1 /* OpenTelemetryApi */,
				OT00000000000000000000D2 /* OpenTelemetrySdk */,
				OT00000000000000000000D3 /* OpenTelemetryProtocolExporterHTTP */,
			);
			packageReferences = (
				OT00000000000000000000E2 /* XCRemoteSwiftPackageReference "opentelemetry-swift" */,
			);
			productName = Mainline;
			productReference = PF0000000000000000000011 /* Mainline.app */;
			productType = "com.apple.product-type.application";
		};
/* End PBXNativeTarget section */

/* Begin PBXProject section */
		PP0000000000000000000001 /* Project object */ = {
			isa = PBXProject;
			attributes = {
				BuildIndependentTargetsInParallel = 1;
				LastSwiftUpdateCheck = 1500;
				LastUpgradeCheck = 1500;
				TargetAttributes = {
					PT0000000000000000000001 = {
						CreatedOnToolsVersion = 15.0;
					};
				};
			};
			buildConfigurationList = PL0000000000000000000002 /* Build configuration list for PBXProject "Mainline" */;
			compatibilityVersion = "Xcode 14.0";
			developmentRegion = en;
			hasScannedForEncodings = 0;
			knownRegions = (
				en,
				Base,
			);
			mainGroup = PG0000000000000000000001;
			productRefGroup = PG0000000000000000000007 /* Products */;
			projectDirPath = "";
			projectRoot = "";
			packageReferences = (
				OT00000000000000000000E2 /* XCRemoteSwiftPackageReference "opentelemetry-swift" */,
			);
			targets = (
				PT0000000000000000000001 /* Mainline */,
			);
		};
/* End PBXProject section */

/* Begin PBXResourcesBuildPhase section */
		PR0000000000000000000001 /* Resources */ = {
			isa = PBXResourcesBuildPhase;
			buildActionMask = 2147483647;
			files = (
				PC000000000000000000000E /* Assets.xcassets in Resources */,
			);
			runOnlyForDeploymentPostprocessing = 0;
		};
/* End PBXResourcesBuildPhase section */

/* Begin PBXSourcesBuildPhase section */
		PS0000000000000000000001 /* Sources */ = {
			isa = PBXSourcesBuildPhase;
			buildActionMask = 2147483647;
			files = (
				PC0000000000000000000001 /* MainlineApp.swift in Sources */,
				PC0000000000000000000002 /* PRSnapshot.swift in Sources */,
				PC0000000000000000000003 /* PRTransition.swift in Sources */,
				PC0000000000000000000004 /* MainlineSettings.swift in Sources */,
				PC0000000000000000000005 /* KeychainHelper.swift in Sources */,
				PC0000000000000000000006 /* GitHubClient.swift in Sources */,
				PC0000000000000000000007 /* PRStateStore.swift in Sources */,
				PC0000000000000000000008 /* PRDiffEngine.swift in Sources */,
				PC0000000000000000000009 /* PRPoller.swift in Sources */,
				PC000000000000000000000A /* NotificationService.swift in Sources */,
				PC000000000000000000000B /* PRManager.swift in Sources */,
				PC000000000000000000000C /* MenuBarView.swift in Sources */,
				PC000000000000000000000D /* SettingsView.swift in Sources */,
				PC0000000000000000000010 /* SensitivePathMatcher.swift in Sources */,
				PC0000000000000000000011 /* TriageClassifier.swift in Sources */,
				PC0000000000000000000013 /* SnoozeStore.swift in Sources */,
				PC0000000000000000000014 /* MenuBarIconView.swift in Sources */,
				PC0000000000000000000016 /* TriageDeckView.swift in Sources */,
				PC0000000000000000000017 /* PRPeekView.swift in Sources */,
				PC0000000000000000000019 /* UndoToastView.swift in Sources */,
				PC000000000000000000001B /* AttentionPolicy.swift in Sources */,
				PC000000000000000000001C /* ScopeStore.swift in Sources */,
				PC000000000000000000001D /* KeyboardShortcutsView.swift in Sources */,
				PC0000000000000000000099 /* GlobalHotKey.swift in Sources */,
				IB000000000000000000000B1 /* InboxMuteEngine.swift in Sources */,
				IB000000000000000000000B2 /* InboxSettingsView.swift in Sources */,
				HP000000000000000000000B1 /* HelpSettingsView.swift in Sources */,
				LG000000000000000000000B1 /* LaunchAtLoginService.swift in Sources */,
				OT00000000000000000000B1 /* TelemetryService.swift in Sources */,
				OT00000000000000000000B2 /* TelemetryOptInBanner.swift in Sources */,
				OT00000000000000000000B3 /* TelemetryDetailsSheet.swift in Sources */,
			);
			runOnlyForDeploymentPostprocessing = 0;
		};
/* End PBXSourcesBuildPhase section */

/* Begin PBXShellScriptBuildPhase section */
		OT00000000000000000000S1 /* Embed Git Commit SHA */ = {
			isa = PBXShellScriptBuildPhase;
			alwaysOutOfDate = 1;
			buildActionMask = 2147483647;
			files = (
			);
			inputFileListPaths = (
			);
			inputPaths = (
			);
			name = "Embed Git Commit SHA";
			outputFileListPaths = (
			);
			outputPaths = (
			);
			runOnlyForDeploymentPostprocessing = 0;
			shellPath = /bin/sh;
			shellScript = "# Inject git short SHA into the built Info.plist.\n# Exits 0 with a warning when git is unavailable (non-git source tree).\nINFO_PLIST=\"${TARGET_BUILD_DIR}/${INFOPLIST_PATH}\"\nif ! command -v git >/dev/null 2>&1; then\n  echo \"warning: git not found — skipping GitCommitSHA injection\"\n  exit 0\nfi\nSHA=$(git -C \"${SRCROOT}\" rev-parse --short HEAD 2>/dev/null)\nif [ -z \"$SHA\" ]; then\n  echo \"warning: could not determine git commit SHA — skipping injection\"\n  exit 0\nfi\n/usr/libexec/PlistBuddy -c \"Set :GitCommitSHA $SHA\" \"$INFO_PLIST\" 2>/dev/null || \\\n  /usr/libexec/PlistBuddy -c \"Add :GitCommitSHA string $SHA\" \"$INFO_PLIST\"\necho \"Embedded GitCommitSHA: $SHA\"\n";
		};
/* End PBXShellScriptBuildPhase section */

/* Begin XCBuildConfiguration section */
		PX0000000000000000000001 /* Debug */ = {
			isa = XCBuildConfiguration;
			buildSettings = {
				ALWAYS_SEARCH_USER_PATHS = NO;
				CLANG_ANALYZER_NONNULL = YES;
				CLANG_ANALYZER_NUMBER_OBJECT_CONVERSION = YES_AGGRESSIVE;
				CLANG_CXX_LANGUAGE_STANDARD = "gnu++20";
				CLANG_ENABLE_MODULES = YES;
				CLANG_ENABLE_OBJC_ARC = YES;
				CLANG_ENABLE_OBJC_WEAK = YES;
				CLANG_WARN_BLOCK_CAPTURE_AUTORELEASING = YES;
				CLANG_WARN_BOOL_CONVERSION = YES;
				CLANG_WARN_COMMA = YES;
				CLANG_WARN_CONSTANT_CONVERSION = YES;
				CLANG_WARN_DEPRECATED_OBJC_IMPLEMENTATIONS = YES;
				CLANG_WARN_DIRECT_OBJC_ISA_USAGE = YES_ERROR;
				CLANG_WARN_DOCUMENTATION_COMMENTS = YES;
				CLANG_WARN_EMPTY_BODY = YES;
				CLANG_WARN_ENUM_CONVERSION = YES;
				CLANG_WARN_INFINITE_RECURSION = YES;
				CLANG_WARN_INT_CONVERSION = YES;
				CLANG_WARN_NON_LITERAL_NULL_CONVERSION = YES;
				CLANG_WARN_OBJC_IMPLICIT_RETAIN_SELF = YES;
				CLANG_WARN_OBJC_LITERAL_CONVERSION = YES;
				CLANG_WARN_OBJC_ROOT_CLASS = YES_ERROR;
				CLANG_WARN_QUOTED_INCLUDE_IN_FRAMEWORK_HEADER = YES;
				CLANG_WARN_RANGE_LOOP_ANALYSIS = YES;
				CLANG_WARN_STRICT_PROTOTYPES = YES;
				CLANG_WARN_SUSPICIOUS_MOVE = YES;
				CLANG_WARN_UNGUARDED_AVAILABILITY = YES_AGGRESSIVE;
				CLANG_WARN_UNREACHABLE_CODE = YES;
				CLANG_WARN__DUPLICATE_METHOD_MATCH = YES;
				COPY_PHASE_STRIP = NO;
				DEBUG_INFORMATION_FORMAT = dwarf;
				ENABLE_STRICT_OBJC_MSGSEND = YES;
				ENABLE_TESTABILITY = YES;
				GCC_C_LANGUAGE_STANDARD = gnu17;
				GCC_DYNAMIC_NO_PIC = NO;
				GCC_NO_COMMON_BLOCKS = YES;
				GCC_OPTIMIZATION_LEVEL = 0;
				GCC_PREPROCESSOR_DEFINITIONS = (
					"DEBUG=1",
					"$(inherited)",
				);
				GCC_WARN_64_TO_32_BIT_CONVERSION = YES;
				GCC_WARN_ABOUT_RETURN_TYPE = YES_ERROR;
				GCC_WARN_UNDECLARED_SELECTOR = YES;
				GCC_WARN_UNINITIALIZED_AUTOS = YES_AGGRESSIVE;
				GCC_WARN_UNUSED_FUNCTION = YES;
				GCC_WARN_UNUSED_VARIABLE = YES;
				MACOSX_DEPLOYMENT_TARGET = 13.0;
				MTL_ENABLE_DEBUG_INFO = INCLUDE_SOURCE;
				MTL_FAST_MATH = YES;
				ONLY_ACTIVE_ARCH = YES;
				SDKROOT = macosx;
				SWIFT_ACTIVE_COMPILATION_CONDITIONS = "DEBUG $(inherited)";
				SWIFT_OPTIMIZATION_LEVEL = "-Onone";
			};
			name = Debug;
		};
		PX0000000000000000000002 /* Release */ = {
			isa = XCBuildConfiguration;
			buildSettings = {
				ALWAYS_SEARCH_USER_PATHS = NO;
				CLANG_ANALYZER_NONNULL = YES;
				CLANG_ANALYZER_NUMBER_OBJECT_CONVERSION = YES_AGGRESSIVE;
				CLANG_CXX_LANGUAGE_STANDARD = "gnu++20";
				CLANG_ENABLE_MODULES = YES;
				CLANG_ENABLE_OBJC_ARC = YES;
				CLANG_ENABLE_OBJC_WEAK = YES;
				CLANG_WARN_BLOCK_CAPTURE_AUTORELEASING = YES;
				CLANG_WARN_BOOL_CONVERSION = YES;
				CLANG_WARN_COMMA = YES;
				CLANG_WARN_CONSTANT_CONVERSION = YES;
				CLANG_WARN_DEPRECATED_OBJC_IMPLEMENTATIONS = YES;
				CLANG_WARN_DIRECT_OBJC_ISA_USAGE = YES_ERROR;
				CLANG_WARN_DOCUMENTATION_COMMENTS = YES;
				CLANG_WARN_EMPTY_BODY = YES;
				CLANG_WARN_ENUM_CONVERSION = YES;
				CLANG_WARN_INFINITE_RECURSION = YES;
				CLANG_WARN_INT_CONVERSION = YES;
				CLANG_WARN_NON_LITERAL_NULL_CONVERSION = YES;
				CLANG_WARN_OBJC_IMPLICIT_RETAIN_SELF = YES;
				CLANG_WARN_OBJC_LITERAL_CONVERSION = YES;
				CLANG_WARN_OBJC_ROOT_CLASS = YES_ERROR;
				CLANG_WARN_QUOTED_INCLUDE_IN_FRAMEWORK_HEADER = YES;
				CLANG_WARN_RANGE_LOOP_ANALYSIS = YES;
				CLANG_WARN_STRICT_PROTOTYPES = YES;
				CLANG_WARN_SUSPICIOUS_MOVE = YES;
				CLANG_WARN_UNGUARDED_AVAILABILITY = YES_AGGRESSIVE;
				CLANG_WARN_UNREACHABLE_CODE = YES;
				CLANG_WARN__DUPLICATE_METHOD_MATCH = YES;
				COPY_PHASE_STRIP = NO;
				DEBUG_INFORMATION_FORMAT = "dwarf-with-dsym";
				ENABLE_NS_ASSERTIONS = NO;
				ENABLE_STRICT_OBJC_MSGSEND = YES;
				GCC_C_LANGUAGE_STANDARD = gnu17;
				GCC_NO_COMMON_BLOCKS = YES;
				GCC_WARN_64_TO_32_BIT_CONVERSION = YES;
				GCC_WARN_ABOUT_RETURN_TYPE = YES_ERROR;
				GCC_WARN_UNDECLARED_SELECTOR = YES;
				GCC_WARN_UNINITIALIZED_AUTOS = YES_AGGRESSIVE;
				GCC_WARN_UNUSED_FUNCTION = YES;
				GCC_WARN_UNUSED_VARIABLE = YES;
				MACOSX_DEPLOYMENT_TARGET = 13.0;
				MTL_ENABLE_DEBUG_INFO = NO;
				MTL_FAST_MATH = YES;
				SDKROOT = macosx;
				SWIFT_COMPILATION_MODE = wholemodule;
			};
			name = Release;
		};
		PX0000000000000000000003 /* Debug */ = {
			isa = XCBuildConfiguration;
			buildSettings = {
				ASSETCATALOG_COMPILER_APPICON_NAME = AppIcon;
				ASSETCATALOG_COMPILER_GLOBAL_ACCENT_COLOR_NAME = AccentColor;
				CODE_SIGN_ENTITLEMENTS = Mainline/Mainline/Mainline.entitlements;
				CODE_SIGN_STYLE = Automatic;
				COMBINE_HIDPI_IMAGES = YES;
				CURRENT_PROJECT_VERSION = 1;
				DEVELOPMENT_TEAM = "7HVK85DZG7";
				ENABLE_HARDENED_RUNTIME = YES;
				GENERATE_INFOPLIST_FILE = NO;
				INFOPLIST_FILE = Mainline/Mainline/Info.plist;
				INFOPLIST_KEY_LSApplicationCategoryType = "public.app-category.developer-tools";
				INFOPLIST_KEY_NSHumanReadableCopyright = "Copyright \U00a9 2024 Mads Thines. All rights reserved.";
				LD_RUNPATH_SEARCH_PATHS = (
					"$(inherited)",
					"@executable_path/../Frameworks",
				);
				MARKETING_VERSION = 1.0;
				PRODUCT_BUNDLE_IDENTIFIER = "com.mainline.github-pr-notifier";
				PRODUCT_NAME = "$(TARGET_NAME)";
				SWIFT_EMIT_LOC_STRINGS = YES;
				SWIFT_VERSION = 5.0;
			};
			name = Debug;
		};
		PX0000000000000000000004 /* Release */ = {
			isa = XCBuildConfiguration;
			buildSettings = {
				ASSETCATALOG_COMPILER_APPICON_NAME = AppIcon;
				ASSETCATALOG_COMPILER_GLOBAL_ACCENT_COLOR_NAME = AccentColor;
				CODE_SIGN_ENTITLEMENTS = Mainline/Mainline/Mainline.entitlements;
				CODE_SIGN_STYLE = Automatic;
				COMBINE_HIDPI_IMAGES = YES;
				CURRENT_PROJECT_VERSION = 1;
				DEVELOPMENT_TEAM = "7HVK85DZG7";
				ENABLE_HARDENED_RUNTIME = YES;
				GENERATE_INFOPLIST_FILE = NO;
				INFOPLIST_FILE = Mainline/Mainline/Info.plist;
				INFOPLIST_KEY_LSApplicationCategoryType = "public.app-category.developer-tools";
				INFOPLIST_KEY_NSHumanReadableCopyright = "Copyright \U00a9 2024 Mads Thines. All rights reserved.";
				LD_RUNPATH_SEARCH_PATHS = (
					"$(inherited)",
					"@executable_path/../Frameworks",
				);
				MARKETING_VERSION = 1.0;
				PRODUCT_BUNDLE_IDENTIFIER = "com.mainline.github-pr-notifier";
				PRODUCT_NAME = "$(TARGET_NAME)";
				SWIFT_EMIT_LOC_STRINGS = YES;
				SWIFT_VERSION = 5.0;
			};
			name = Release;
		};
/* End XCBuildConfiguration section */

/* Begin XCConfigurationList section */
		PL0000000000000000000001 /* Build configuration list for PBXNativeTarget "Mainline" */ = {
			isa = XCConfigurationList;
			buildConfigurations = (
				PX0000000000000000000003 /* Debug */,
				PX0000000000000000000004 /* Release */,
			);
			defaultConfigurationIsVisible = 0;
			defaultConfigurationName = Release;
		};
		PL0000000000000000000002 /* Build configuration list for PBXProject "Mainline" */ = {
			isa = XCConfigurationList;
			buildConfigurations = (
				PX0000000000000000000001 /* Debug */,
				PX0000000000000000000002 /* Release */,
			);
			defaultConfigurationIsVisible = 0;
			defaultConfigurationName = Release;
		};
/* End XCConfigurationList section */

/* Begin XCRemoteSwiftPackageReference section */
		OT00000000000000000000E2 /* XCRemoteSwiftPackageReference "opentelemetry-swift" */ = {
			isa = XCRemoteSwiftPackageReference;
			repositoryURL = "https://github.com/open-telemetry/opentelemetry-swift";
			requirement = {
				kind = exactVersion;
				version = 1.17.1;
			};
		};
/* End XCRemoteSwiftPackageReference section */

/* Begin XCSwiftPackageProductDependency section */
		OT00000000000000000000D1 /* OpenTelemetryApi */ = {
			isa = XCSwiftPackageProductDependency;
			package = OT00000000000000000000E2 /* XCRemoteSwiftPackageReference "opentelemetry-swift" */;
			productName = OpenTelemetryApi;
		};
		OT00000000000000000000D2 /* OpenTelemetrySdk */ = {
			isa = XCSwiftPackageProductDependency;
			package = OT00000000000000000000E2 /* XCRemoteSwiftPackageReference "opentelemetry-swift" */;
			productName = OpenTelemetrySdk;
		};
		OT00000000000000000000D3 /* OpenTelemetryProtocolExporterHTTP */ = {
			isa = XCSwiftPackageProductDependency;
			package = OT00000000000000000000E2 /* XCRemoteSwiftPackageReference "opentelemetry-swift" */;
			productName = OpenTelemetryProtocolExporterHTTP;
		};
/* End XCSwiftPackageProductDependency section */

	};
	rootObject = PP0000000000000000000001 /* Project object */;
}
