// !$*UTF8*$!
{
	archiveVersion = 1;
	classes = {
	};
	objectVersion = 56;
	objects = {

/* Begin PBXBuildFile section */
		PC0000000000000000000001 /* PerchApp.swift in Sources */ = {isa = PBXBuildFile; fileRef = PF0000000000000000000001 /* PerchApp.swift */; };
		PC0000000000000000000002 /* PRSnapshot.swift in Sources */ = {isa = PBXBuildFile; fileRef = PF0000000000000000000002 /* PRSnapshot.swift */; };
		PC0000000000000000000003 /* PRTransition.swift in Sources */ = {isa = PBXBuildFile; fileRef = PF0000000000000000000003 /* PRTransition.swift */; };
		PC0000000000000000000004 /* PerchSettings.swift in Sources */ = {isa = PBXBuildFile; fileRef = PF0000000000000000000004 /* PerchSettings.swift */; };
		PC0000000000000000000005 /* KeychainHelper.swift in Sources */ = {isa = PBXBuildFile; fileRef = PF0000000000000000000005 /* KeychainHelper.swift */; };
		PC0000000000000000000006 /* GitHubClient.swift in Sources */ = {isa = PBXBuildFile; fileRef = PF0000000000000000000006 /* GitHubClient.swift */; };
		PC0000000000000000000007 /* PRStateStore.swift in Sources */ = {isa = PBXBuildFile; fileRef = PF0000000000000000000007 /* PRStateStore.swift */; };
		PC0000000000000000000008 /* PRDiffEngine.swift in Sources */ = {isa = PBXBuildFile; fileRef = PF0000000000000000000008 /* PRDiffEngine.swift */; };
		PC0000000000000000000009 /* PRPoller.swift in Sources */ = {isa = PBXBuildFile; fileRef = PF0000000000000000000009 /* PRPoller.swift */; };
		PC000000000000000000000A /* NotificationService.swift in Sources */ = {isa = PBXBuildFile; fileRef = PF000000000000000000000A /* NotificationService.swift */; };
		PC000000000000000000000B /* PRManager.swift in Sources */ = {isa = PBXBuildFile; fileRef = PF000000000000000000000B /* PRManager.swift */; };
		PC000000000000000000000C /* MenuBarView.swift in Sources */ = {isa = PBXBuildFile; fileRef = PF000000000000000000000C /* MenuBarView.swift */; };
		PC000000000000000000000D /* SettingsView.swift in Sources */ = {isa = PBXBuildFile; fileRef = PF000000000000000000000D /* SettingsView.swift */; };
		PC000000000000000000000E /* Assets.xcassets in Resources */ = {isa = PBXBuildFile; fileRef = PF000000000000000000000E /* Assets.xcassets */; };
/* End PBXBuildFile section */

/* Begin PBXFileReference section */
		PF0000000000000000000001 /* PerchApp.swift */ = {isa = PBXFileReference; lastKnownFileType = sourcecode.swift; path = PerchApp.swift; sourceTree = "<group>"; };
		PF0000000000000000000002 /* PRSnapshot.swift */ = {isa = PBXFileReference; lastKnownFileType = sourcecode.swift; path = PRSnapshot.swift; sourceTree = "<group>"; };
		PF0000000000000000000003 /* PRTransition.swift */ = {isa = PBXFileReference; lastKnownFileType = sourcecode.swift; path = PRTransition.swift; sourceTree = "<group>"; };
		PF0000000000000000000004 /* PerchSettings.swift */ = {isa = PBXFileReference; lastKnownFileType = sourcecode.swift; path = PerchSettings.swift; sourceTree = "<group>"; };
		PF0000000000000000000005 /* KeychainHelper.swift */ = {isa = PBXFileReference; lastKnownFileType = sourcecode.swift; path = KeychainHelper.swift; sourceTree = "<group>"; };
		PF0000000000000000000006 /* GitHubClient.swift */ = {isa = PBXFileReference; lastKnownFileType = sourcecode.swift; path = GitHubClient.swift; sourceTree = "<group>"; };
		PF0000000000000000000007 /* PRStateStore.swift */ = {isa = PBXFileReference; lastKnownFileType = sourcecode.swift; path = PRStateStore.swift; sourceTree = "<group>"; };
		PF0000000000000000000008 /* PRDiffEngine.swift */ = {isa = PBXFileReference; lastKnownFileType = sourcecode.swift; path = PRDiffEngine.swift; sourceTree = "<group>"; };
		PF0000000000000000000009 /* PRPoller.swift */ = {isa = PBXFileReference; lastKnownFileType = sourcecode.swift; path = PRPoller.swift; sourceTree = "<group>"; };
		PF000000000000000000000A /* NotificationService.swift */ = {isa = PBXFileReference; lastKnownFileType = sourcecode.swift; path = NotificationService.swift; sourceTree = "<group>"; };
		PF000000000000000000000B /* PRManager.swift */ = {isa = PBXFileReference; lastKnownFileType = sourcecode.swift; path = PRManager.swift; sourceTree = "<group>"; };
		PF000000000000000000000C /* MenuBarView.swift */ = {isa = PBXFileReference; lastKnownFileType = sourcecode.swift; path = MenuBarView.swift; sourceTree = "<group>"; };
		PF000000000000000000000D /* SettingsView.swift */ = {isa = PBXFileReference; lastKnownFileType = sourcecode.swift; path = SettingsView.swift; sourceTree = "<group>"; };
		PF000000000000000000000E /* Assets.xcassets */ = {isa = PBXFileReference; lastKnownFileType = folder.assetcatalog; path = Assets.xcassets; sourceTree = "<group>"; };
		PF000000000000000000000F /* Info.plist */ = {isa = PBXFileReference; lastKnownFileType = text.plist.xml; path = Info.plist; sourceTree = "<group>"; };
		PF0000000000000000000010 /* Perch.entitlements */ = {isa = PBXFileReference; lastKnownFileType = text.plist.entitlements; path = Perch.entitlements; sourceTree = "<group>"; };
		PF0000000000000000000011 /* Perch.app */ = {isa = PBXFileReference; explicitFileType = wrapper.application; includeInIndex = 0; path = Perch.app; sourceTree = BUILT_PRODUCTS_DIR; };
/* End PBXFileReference section */

/* Begin PBXFrameworksBuildPhase section */
		PB0000000000000000000001 /* Frameworks */ = {
			isa = PBXFrameworksBuildPhase;
			buildActionMask = 2147483647;
			files = (
			);
			runOnlyForDeploymentPostprocessing = 0;
		};
/* End PBXFrameworksBuildPhase section */

/* Begin PBXGroup section */
		PG0000000000000000000001 = {
			isa = PBXGroup;
			children = (
				PG0000000000000000000002 /* Perch */,
				PG0000000000000000000007 /* Products */,
			);
			sourceTree = "<group>";
		};
		PG0000000000000000000002 /* Perch */ = {
			isa = PBXGroup;
			children = (
				PF0000000000000000000001 /* PerchApp.swift */,
				PF000000000000000000000F /* Info.plist */,
				PF0000000000000000000010 /* Perch.entitlements */,
				PF000000000000000000000E /* Assets.xcassets */,
				PG0000000000000000000003 /* Models */,
				PG0000000000000000000004 /* Services */,
				PG0000000000000000000005 /* Views */,
			);
			path = Perch/Perch;
			sourceTree = "<group>";
		};
		PG0000000000000000000003 /* Models */ = {
			isa = PBXGroup;
			children = (
				PF0000000000000000000002 /* PRSnapshot.swift */,
				PF0000000000000000000003 /* PRTransition.swift */,
				PF0000000000000000000004 /* PerchSettings.swift */,
			);
			path = Models;
			sourceTree = "<group>";
		};
		PG0000000000000000000004 /* Services */ = {
			isa = PBXGroup;
			children = (
				PF0000000000000000000005 /* KeychainHelper.swift */,
				PF0000000000000000000006 /* GitHubClient.swift */,
				PF0000000000000000000007 /* PRStateStore.swift */,
				PF0000000000000000000008 /* PRDiffEngine.swift */,
				PF0000000000000000000009 /* PRPoller.swift */,
				PF000000000000000000000A /* NotificationService.swift */,
				PF000000000000000000000B /* PRManager.swift */,
			);
			path = Services;
			sourceTree = "<group>";
		};
		PG0000000000000000000005 /* Views */ = {
			isa = PBXGroup;
			children = (
				PF000000000000000000000C /* MenuBarView.swift */,
				PF000000000000000000000D /* SettingsView.swift */,
			);
			path = Views;
			sourceTree = "<group>";
		};
		PG0000000000000000000007 /* Products */ = {
			isa = PBXGroup;
			children = (
				PF0000000000000000000011 /* Perch.app */,
			);
			name = Products;
			sourceTree = "<group>";
		};
/* End PBXGroup section */

/* Begin PBXNativeTarget section */
		PT0000000000000000000001 /* Perch */ = {
			isa = PBXNativeTarget;
			buildConfigurationList = PL0000000000000000000001 /* Build configuration list for PBXNativeTarget "Perch" */;
			buildPhases = (
				PS0000000000000000000001 /* Sources */,
				PB0000000000000000000001 /* Frameworks */,
				PR0000000000000000000001 /* Resources */,
			);
			buildRules = (
			);
			dependencies = (
			);
			name = Perch;
			productName = Perch;
			productReference = PF0000000000000000000011 /* Perch.app */;
			productType = "com.apple.product-type.application";
		};
/* End PBXNativeTarget section */

/* Begin PBXProject section */
		PP0000000000000000000001 /* Project object */ = {
			isa = PBXProject;
			attributes = {
				BuildIndependentTargetsInParallel = 1;
				LastSwiftUpdateCheck = 1500;
				LastUpgradeCheck = 1500;
				TargetAttributes = {
					PT0000000000000000000001 = {
						CreatedOnToolsVersion = 15.0;
					};
				};
			};
			buildConfigurationList = PL0000000000000000000002 /* Build configuration list for PBXProject "Perch" */;
			compatibilityVersion = "Xcode 14.0";
			developmentRegion = en;
			hasScannedForEncodings = 0;
			knownRegions = (
				en,
				Base,
			);
			mainGroup = PG0000000000000000000001;
			productRefGroup = PG0000000000000000000007 /* Products */;
			projectDirPath = "";
			projectRoot = "";
			targets = (
				PT0000000000000000000001 /* Perch */,
			);
		};
/* End PBXProject section */

/* Begin PBXResourcesBuildPhase section */
		PR0000000000000000000001 /* Resources */ = {
			isa = PBXResourcesBuildPhase;
			buildActionMask = 2147483647;
			files = (
				PC000000000000000000000E /* Assets.xcassets in Resources */,
			);
			runOnlyForDeploymentPostprocessing = 0;
		};
/* End PBXResourcesBuildPhase section */

/* Begin PBXSourcesBuildPhase section */
		PS0000000000000000000001 /* Sources */ = {
			isa = PBXSourcesBuildPhase;
			buildActionMask = 2147483647;
			files = (
				PC0000000000000000000001 /* PerchApp.swift in Sources */,
				PC0000000000000000000002 /* PRSnapshot.swift in Sources */,
				PC0000000000000000000003 /* PRTransition.swift in Sources */,
				PC0000000000000000000004 /* PerchSettings.swift in Sources */,
				PC0000000000000000000005 /* KeychainHelper.swift in Sources */,
				PC0000000000000000000006 /* GitHubClient.swift in Sources */,
				PC0000000000000000000007 /* PRStateStore.swift in Sources */,
				PC0000000000000000000008 /* PRDiffEngine.swift in Sources */,
				PC0000000000000000000009 /* PRPoller.swift in Sources */,
				PC000000000000000000000A /* NotificationService.swift in Sources */,
				PC000000000000000000000B /* PRManager.swift in Sources */,
				PC000000000000000000000C /* MenuBarView.swift in Sources */,
				PC000000000000000000000D /* SettingsView.swift in Sources */,
			);
			runOnlyForDeploymentPostprocessing = 0;
		};
/* End PBXSourcesBuildPhase section */

/* Begin XCBuildConfiguration section */
		PX0000000000000000000001 /* Debug */ = {
			isa = XCBuildConfiguration;
			buildSettings = {
				ALWAYS_SEARCH_USER_PATHS = NO;
				CLANG_ANALYZER_NONNULL = YES;
				CLANG_ANALYZER_NUMBER_OBJECT_CONVERSION = YES_AGGRESSIVE;
				CLANG_CXX_LANGUAGE_STANDARD = "gnu++20";
				CLANG_ENABLE_MODULES = YES;
				CLANG_ENABLE_OBJC_ARC = YES;
				CLANG_ENABLE_OBJC_WEAK = YES;
				CLANG_WARN_BLOCK_CAPTURE_AUTORELEASING = YES;
				CLANG_WARN_BOOL_CONVERSION = YES;
				CLANG_WARN_COMMA = YES;
				CLANG_WARN_CONSTANT_CONVERSION = YES;
				CLANG_WARN_DEPRECATED_OBJC_IMPLEMENTATIONS = YES;
				CLANG_WARN_DIRECT_OBJC_ISA_USAGE = YES_ERROR;
				CLANG_WARN_DOCUMENTATION_COMMENTS = YES;
				CLANG_WARN_EMPTY_BODY = YES;
				CLANG_WARN_ENUM_CONVERSION = YES;
				CLANG_WARN_INFINITE_RECURSION = YES;
				CLANG_WARN_INT_CONVERSION = YES;
				CLANG_WARN_NON_LITERAL_NULL_CONVERSION = YES;
				CLANG_WARN_OBJC_IMPLICIT_RETAIN_SELF = YES;
				CLANG_WARN_OBJC_LITERAL_CONVERSION = YES;
				CLANG_WARN_OBJC_ROOT_CLASS = YES_ERROR;
				CLANG_WARN_QUOTED_INCLUDE_IN_FRAMEWORK_HEADER = YES;
				CLANG_WARN_RANGE_LOOP_ANALYSIS = YES;
				CLANG_WARN_STRICT_PROTOTYPES = YES;
				CLANG_WARN_SUSPICIOUS_MOVE = YES;
				CLANG_WARN_UNGUARDED_AVAILABILITY = YES_AGGRESSIVE;
				CLANG_WARN_UNREACHABLE_CODE = YES;
				CLANG_WARN__DUPLICATE_METHOD_MATCH = YES;
				COPY_PHASE_STRIP = NO;
				DEBUG_INFORMATION_FORMAT = dwarf;
				ENABLE_STRICT_OBJC_MSGSEND = YES;
				ENABLE_TESTABILITY = YES;
				GCC_C_LANGUAGE_STANDARD = gnu17;
				GCC_DYNAMIC_NO_PIC = NO;
				GCC_NO_COMMON_BLOCKS = YES;
				GCC_OPTIMIZATION_LEVEL = 0;
				GCC_PREPROCESSOR_DEFINITIONS = (
					"DEBUG=1",
					"$(inherited)",
				);
				GCC_WARN_64_TO_32_BIT_CONVERSION = YES;
				GCC_WARN_ABOUT_RETURN_TYPE = YES_ERROR;
				GCC_WARN_UNDECLARED_SELECTOR = YES;
				GCC_WARN_UNINITIALIZED_AUTOS = YES_AGGRESSIVE;
				GCC_WARN_UNUSED_FUNCTION = YES;
				GCC_WARN_UNUSED_VARIABLE = YES;
				MACOSX_DEPLOYMENT_TARGET = 13.0;
				MTL_ENABLE_DEBUG_INFO = INCLUDE_SOURCE;
				MTL_FAST_MATH = YES;
				ONLY_ACTIVE_ARCH = YES;
				SDKROOT = macosx;
				SWIFT_ACTIVE_COMPILATION_CONDITIONS = "DEBUG $(inherited)";
				SWIFT_OPTIMIZATION_LEVEL = "-Onone";
			};
			name = Debug;
		};
		PX0000000000000000000002 /* Release */ = {
			isa = XCBuildConfiguration;
			buildSettings = {
				ALWAYS_SEARCH_USER_PATHS = NO;
				CLANG_ANALYZER_NONNULL = YES;
				CLANG_ANALYZER_NUMBER_OBJECT_CONVERSION = YES_AGGRESSIVE;
				CLANG_CXX_LANGUAGE_STANDARD = "gnu++20";
				CLANG_ENABLE_MODULES = YES;
				CLANG_ENABLE_OBJC_ARC = YES;
				CLANG_ENABLE_OBJC_WEAK = YES;
				CLANG_WARN_BLOCK_CAPTURE_AUTORELEASING = YES;
				CLANG_WARN_BOOL_CONVERSION = YES;
				CLANG_WARN_COMMA = YES;
				CLANG_WARN_CONSTANT_CONVERSION = YES;
				CLANG_WARN_DEPRECATED_OBJC_IMPLEMENTATIONS = YES;
				CLANG_WARN_DIRECT_OBJC_ISA_USAGE = YES_ERROR;
				CLANG_WARN_DOCUMENTATION_COMMENTS = YES;
				CLANG_WARN_EMPTY_BODY = YES;
				CLANG_WARN_ENUM_CONVERSION = YES;
				CLANG_WARN_INFINITE_RECURSION = YES;
				CLANG_WARN_INT_CONVERSION = YES;
				CLANG_WARN_NON_LITERAL_NULL_CONVERSION = YES;
				CLANG_WARN_OBJC_IMPLICIT_RETAIN_SELF = YES;
				CLANG_WARN_OBJC_LITERAL_CONVERSION = YES;
				CLANG_WARN_OBJC_ROOT_CLASS = YES_ERROR;
				CLANG_WARN_QUOTED_INCLUDE_IN_FRAMEWORK_HEADER = YES;
				CLANG_WARN_RANGE_LOOP_ANALYSIS = YES;
				CLANG_WARN_STRICT_PROTOTYPES = YES;
				CLANG_WARN_SUSPICIOUS_MOVE = YES;
				CLANG_WARN_UNGUARDED_AVAILABILITY = YES_AGGRESSIVE;
				CLANG_WARN_UNREACHABLE_CODE = YES;
				CLANG_WARN__DUPLICATE_METHOD_MATCH = YES;
				COPY_PHASE_STRIP = NO;
				DEBUG_INFORMATION_FORMAT = "dwarf-with-dsym";
				ENABLE_NS_ASSERTIONS = NO;
				ENABLE_STRICT_OBJC_MSGSEND = YES;
				GCC_C_LANGUAGE_STANDARD = gnu17;
				GCC_NO_COMMON_BLOCKS = YES;
				GCC_WARN_64_TO_32_BIT_CONVERSION = YES;
				GCC_WARN_ABOUT_RETURN_TYPE = YES_ERROR;
				GCC_WARN_UNDECLARED_SELECTOR = YES;
				GCC_WARN_UNINITIALIZED_AUTOS = YES_AGGRESSIVE;
				GCC_WARN_UNUSED_FUNCTION = YES;
				GCC_WARN_UNUSED_VARIABLE = YES;
				MACOSX_DEPLOYMENT_TARGET = 13.0;
				MTL_ENABLE_DEBUG_INFO = NO;
				MTL_FAST_MATH = YES;
				SDKROOT = macosx;
				SWIFT_COMPILATION_MODE = wholemodule;
			};
			name = Release;
		};
		PX0000000000000000000003 /* Debug */ = {
			isa = XCBuildConfiguration;
			buildSettings = {
				ASSETCATALOG_COMPILER_APPICON_NAME = AppIcon;
				ASSETCATALOG_COMPILER_GLOBAL_ACCENT_COLOR_NAME = AccentColor;
				CODE_SIGN_ENTITLEMENTS = Perch/Perch/Perch.entitlements;
				CODE_SIGN_STYLE = Automatic;
				COMBINE_HIDPI_IMAGES = YES;
				CURRENT_PROJECT_VERSION = 1;
				DEVELOPMENT_TEAM = "";
				ENABLE_HARDENED_RUNTIME = YES;
				GENERATE_INFOPLIST_FILE = NO;
				INFOPLIST_FILE = Perch/Perch/Info.plist;
				INFOPLIST_KEY_LSApplicationCategoryType = "public.app-category.developer-tools";
				INFOPLIST_KEY_NSHumanReadableCopyright = "Copyright \U00a9 2024 Mads Thines. All rights reserved.";
				LD_RUNPATH_SEARCH_PATHS = (
					"$(inherited)",
					"@executable_path/../Frameworks",
				);
				MARKETING_VERSION = 1.0;
				PRODUCT_BUNDLE_IDENTIFIER = "com.perch.github-pr-notifier";
				PRODUCT_NAME = "$(TARGET_NAME)";
				SWIFT_EMIT_LOC_STRINGS = YES;
				SWIFT_VERSION = 5.0;
			};
			name = Debug;
		};
		PX0000000000000000000004 /* Release */ = {
			isa = XCBuildConfiguration;
			buildSettings = {
				ASSETCATALOG_COMPILER_APPICON_NAME = AppIcon;
				ASSETCATALOG_COMPILER_GLOBAL_ACCENT_COLOR_NAME = AccentColor;
				CODE_SIGN_ENTITLEMENTS = Perch/Perch/Perch.entitlements;
				CODE_SIGN_STYLE = Automatic;
				COMBINE_HIDPI_IMAGES = YES;
				CURRENT_PROJECT_VERSION = 1;
				DEVELOPMENT_TEAM = "";
				ENABLE_HARDENED_RUNTIME = YES;
				GENERATE_INFOPLIST_FILE = NO;
				INFOPLIST_FILE = Perch/Perch/Info.plist;
				INFOPLIST_KEY_LSApplicationCategoryType = "public.app-category.developer-tools";
				INFOPLIST_KEY_NSHumanReadableCopyright = "Copyright \U00a9 2024 Mads Thines. All rights reserved.";
				LD_RUNPATH_SEARCH_PATHS = (
					"$(inherited)",
					"@executable_path/../Frameworks",
				);
				MARKETING_VERSION = 1.0;
				PRODUCT_BUNDLE_IDENTIFIER = "com.perch.github-pr-notifier";
				PRODUCT_NAME = "$(TARGET_NAME)";
				SWIFT_EMIT_LOC_STRINGS = YES;
				SWIFT_VERSION = 5.0;
			};
			name = Release;
		};
/* End XCBuildConfiguration section */

/* Begin XCConfigurationList section */
		PL0000000000000000000001 /* Build configuration list for PBXNativeTarget "Perch" */ = {
			isa = XCConfigurationList;
			buildConfigurations = (
				PX0000000000000000000003 /* Debug */,
				PX0000000000000000000004 /* Release */,
			);
			defaultConfigurationIsVisible = 0;
			defaultConfigurationName = Release;
		};
		PL0000000000000000000002 /* Build configuration list for PBXProject "Perch" */ = {
			isa = XCConfigurationList;
			buildConfigurations = (
				PX0000000000000000000001 /* Debug */,
				PX0000000000000000000002 /* Release */,
			);
			defaultConfigurationIsVisible = 0;
			defaultConfigurationName = Release;
		};
/* End XCConfigurationList section */

	};
	rootObject = PP0000000000000000000001 /* Project object */;
}
